
Microsoft Visual Studio Solution File, Format Version 12.00
# Visual Studio Version 17
VisualStudioVersion = 17.10.35013.160
MinimumVisualStudioVersion = 10.0.40219.1
Project("{FAE04EC0-301F-11D3-BF4B-00C04F79EFBC}") = "BookStore", "BookStore\BookStore.csproj", "{3B2FABDE-FF01-4E21-AFFF-DB76BEEBD82E}"
EndProject
Global
	GlobalSection(SolutionConfigurationPlatforms) = preSolution
		Debug|Any CPU = Debug|Any CPU
		Release|Any CPU = Release|Any CPU
	EndGlobalSection
	GlobalSection(ProjectConfigurationPlatforms) = postSolution
		{3B2FABDE-FF01-4E21-AFFF-DB76BEEBD82E}.Debug|Any CPU.ActiveCfg = Debug|Any CPU
		{3B2FABDE-FF01-4E21-AFFF-DB76BEEBD82E}.Debug|Any CPU.Build.0 = Debug|Any CPU
		{3B2FABDE-FF01-4E21-AFFF-DB76BEEBD82E}.Release|Any CPU.ActiveCfg = Release|Any CPU
		{3B2FABDE-FF01-4E21-AFFF-DB76BEEBD82E}.Release|Any CPU.Build.0 = Release|Any CPU
	EndGlobalSection
	GlobalSection(SolutionProperties) = preSolution
		HideSolutionNode = FALSE
	EndGlobalSection
	GlobalSection(ExtensibilityGlobals) = postSolution
		SolutionGuid = {37983E22-BCE8-47C6-BBCB-A064A462EEE2}
	EndGlobalSection
EndGlobal
